{
  "name": "korr-backend",
  "version": "0.6.0",
  "lockfileVersion": 3,
  "requires": true,
  "packages": {
    "": {
      "name": "korr-backend",
      "version": "0.6.0",
      "dependencies": {
        "harper.js": "^2.4.0"
      },
      "engines": {
        "node": ">=18.17"
      }
    },
    "node_modules/fflate": {
      "version": "0.8.3",
      "resolved": "https://registry.npmjs.org/fflate/-/fflate-0.8.3.tgz",
      "integrity": "sha512-tbZNuJrLwGUp3zshBtdy4W+ORxZuIh8a5ilyIEQDC5rY1f3U20JMry0Ll3WBzU58EZKsEuJFXhb5gwv8CsPvgA==",
      "license": "MIT"
    },
    "node_modules/harper.js": {
      "version": "2.4.0",
      "resolved": "https://registry.npmjs.org/harper.js/-/harper.js-2.4.0.tgz",
      "integrity": "sha512-tFSoBJ9MfVoIVYBCrUXS0ovJr6uZ9l4HjGmpaEcsm7Ea/OnBf+LPSwgcVJUfHQVktMmuWyYXoV2ejUU1HnXkug==",
      "license": "Apache-2.0",
      "dependencies": {
        "fflate": "^0.8.2"
      }
    }
  }
}
